
Microsoft Visual Studio Solution File, Format Version 12.00
# Visual Studio 15
VisualStudioVersion = 15.0.27703.2042
MinimumVisualStudioVersion = 10.0.40219.1
Project("{FAE04EC0-301F-11D3-BF4B-00C04F79EFBC}") = "SatoshiUnitNET", "SatoshiUnitNET\SatoshiUnitNET.csproj", "{3E805F76-FF11-4598-8810-5494BAF8E5DA}"
EndProject
Global
	GlobalSection(SolutionConfigurationPlatforms) = preSolution
		Debug|Any CPU = Debug|Any CPU
		Release|Any CPU = Release|Any CPU
	EndGlobalSection
	GlobalSection(ProjectConfigurationPlatforms) = postSolution
		{3E805F76-FF11-4598-8810-5494BAF8E5DA}.Debug|Any CPU.ActiveCfg = Debug|Any CPU
		{3E805F76-FF11-4598-8810-5494BAF8E5DA}.Debug|Any CPU.Build.0 = Debug|Any CPU
		{3E805F76-FF11-4598-8810-5494BAF8E5DA}.Release|Any CPU.ActiveCfg = Release|Any CPU
		{3E805F76-FF11-4598-8810-5494BAF8E5DA}.Release|Any CPU.Build.0 = Release|Any CPU
	EndGlobalSection
	GlobalSection(SolutionProperties) = preSolution
		HideSolutionNode = FALSE
	EndGlobalSection
	GlobalSection(ExtensibilityGlobals) = postSolution
		SolutionGuid = {2D089D00-11B8-44F2-9383-77888BC69C4F}
	EndGlobalSection
EndGlobal
